install_repository_dependencies: true
install_resolver_dependencies: false
install_tool_dependencies: false
tool_panel_section_label: Machine Learning
tools:
- name: ludwig_train
  owner: goeckslab
  revisions:
  - 3f587f0e5a6d
  - f0be10937f5c
  tool_panel_section_id: machine_learning
  tool_panel_section_label: Machine Learning
- name: ludwig_hyperopt
  owner: goeckslab
  revisions:
  - b486ca953371
  tool_panel_section_id: machine_learning
  tool_panel_section_label: Machine Learning
- name: ludwig_visualize
  owner: goeckslab
  revisions:
  - a930e68bdffe
  - dceb8493730d
  tool_panel_section_id: machine_learning
  tool_panel_section_label: Machine Learning
- name: ludwig_predict
  owner: goeckslab
  revisions:
  - 0a7b83ddda17
  - afc8ed4a1838
  tool_panel_section_id: machine_learning
  tool_panel_section_label: Machine Learning
- name: ludwig_experiment
  owner: goeckslab
  revisions:
  - 78e6686a218e
  - e1c7d044b759
  tool_panel_section_id: machine_learning
  tool_panel_section_label: Machine Learning
- name: ludwig_render_config
  owner: goeckslab
  revisions:
  - 65c50cd5aa13
  - ed8a9ea5bc73
  tool_panel_section_id: machine_learning
  tool_panel_section_label: Machine Learning
- name: ludwig_evaluate
  owner: goeckslab
  revisions:
  - 70a4d910f09a
  - e55790a3e8a7
  tool_panel_section_id: machine_learning
  tool_panel_section_label: Machine Learning
- name: ludwig_config_generator
  owner: goeckslab
  revisions:
  - 183adfc24076
  - 4bcd6c3a025e
  tool_panel_section_id: machine_learning
  tool_panel_section_label: Machine Learning
